
Microsoft Visual Studio Solution File, Format Version 12.00
# Visual Studio Version 16
VisualStudioVersion = 16.0.29503.13
MinimumVisualStudioVersion = 10.0.40219.1
Project("{FAE04EC0-301F-11D3-BF4B-00C04F79EFBC}") = "SnakePictureBox", "SnakePictureBox\SnakePictureBox.csproj", "{9D9A15D7-F38C-4766-93B6-14D17A3609E1}"
EndProject
Global
	GlobalSection(SolutionConfigurationPlatforms) = preSolution
		Debug|Any CPU = Debug|Any CPU
		Release|Any CPU = Release|Any CPU
	EndGlobalSection
	GlobalSection(ProjectConfigurationPlatforms) = postSolution
		{9D9A15D7-F38C-4766-93B6-14D17A3609E1}.Debug|Any CPU.ActiveCfg = Debug|Any CPU
		{9D9A15D7-F38C-4766-93B6-14D17A3609E1}.Debug|Any CPU.Build.0 = Debug|Any CPU
		{9D9A15D7-F38C-4766-93B6-14D17A3609E1}.Release|Any CPU.ActiveCfg = Release|Any CPU
		{9D9A15D7-F38C-4766-93B6-14D17A3609E1}.Release|Any CPU.Build.0 = Release|Any CPU
	EndGlobalSection
	GlobalSection(SolutionProperties) = preSolution
		HideSolutionNode = FALSE
	EndGlobalSection
	GlobalSection(ExtensibilityGlobals) = postSolution
		SolutionGuid = {7420EF4E-3700-404D-94DF-670DAD6DDE28}
	EndGlobalSection
EndGlobal
